
Microsoft Visual Studio Solution File, Format Version 12.00
# Visual Studio Version 18
VisualStudioVersion = 18.0.11205.157
MinimumVisualStudioVersion = 10.0.40219.1
Project("{2150E333-8FDC-42A3-9474-1A3956D46DE8}") = "src", "src", "{02EA681E-C7D8-13C7-8484-4AC65E1B71E8}"
EndProject
Project("{2150E333-8FDC-42A3-9474-1A3956D46DE8}") = "tests", "tests", "{D459C773-411F-4787-B58F-0547C2D2EB5A}"
EndProject
Project("{FAE04EC0-301F-11D3-BF4B-00C04F79EFBC}") = "CatalogService.Infrastructure", "CatalogService.Infrastructure\CatalogService.Infrastructure.csproj", "{53121842-B18D-467C-AC07-8294FD8705A8}"
EndProject
Project("{FAE04EC0-301F-11D3-BF4B-00C04F79EFBC}") = "CatalogService.API", "CatalogService.API\CatalogService.API.csproj", "{82DBCD6C-D608-4D9D-8308-0CE0672A2883}"
EndProject
Project("{FAE04EC0-301F-11D3-BF4B-00C04F79EFBC}") = "CatalogService.Application", "CatalogService.Application\CatalogService.Application.csproj", "{2BA654E8-56D9-440A-B07F-C1AD611A8AEB}"
EndProject
Project("{FAE04EC0-301F-11D3-BF4B-00C04F79EFBC}") = "CatalogService.UnitTests", "CatalogService.UnitTests\CatalogService.UnitTests.csproj", "{25E47B25-408C-4C3F-AA96-1BECE3BAB66F}"
EndProject
Project("{FAE04EC0-301F-11D3-BF4B-00C04F79EFBC}") = "CatalogService.Domain", "CatalogService.Domain\CatalogService.Domain.csproj", "{A0A3003E-700F-4E77-B26A-F67D0D19E53B}"
EndProject
Global
	GlobalSection(SolutionConfigurationPlatforms) = preSolution
		Debug|Any CPU = Debug|Any CPU
		Release|Any CPU = Release|Any CPU
	EndGlobalSection
	GlobalSection(ProjectConfigurationPlatforms) = postSolution
		{53121842-B18D-467C-AC07-8294FD8705A8}.Debug|Any CPU.ActiveCfg = Debug|Any CPU
		{53121842-B18D-467C-AC07-8294FD8705A8}.Debug|Any CPU.Build.0 = Debug|Any CPU
		{53121842-B18D-467C-AC07-8294FD8705A8}.Release|Any CPU.ActiveCfg = Release|Any CPU
		{53121842-B18D-467C-AC07-8294FD8705A8}.Release|Any CPU.Build.0 = Release|Any CPU
		{82DBCD6C-D608-4D9D-8308-0CE0672A2883}.Debug|Any CPU.ActiveCfg = Debug|Any CPU
		{82DBCD6C-D608-4D9D-8308-0CE0672A2883}.Debug|Any CPU.Build.0 = Debug|Any CPU
		{82DBCD6C-D608-4D9D-8308-0CE0672A2883}.Release|Any CPU.ActiveCfg = Release|Any CPU
		{82DBCD6C-D608-4D9D-8308-0CE0672A2883}.Release|Any CPU.Build.0 = Release|Any CPU
		{2BA654E8-56D9-440A-B07F-C1AD611A8AEB}.Debug|Any CPU.ActiveCfg = Debug|Any CPU
		{2BA654E8-56D9-440A-B07F-C1AD611A8AEB}.Debug|Any CPU.Build.0 = Debug|Any CPU
		{2BA654E8-56D9-440A-B07F-C1AD611A8AEB}.Release|Any CPU.ActiveCfg = Release|Any CPU
		{2BA654E8-56D9-440A-B07F-C1AD611A8AEB}.Release|Any CPU.Build.0 = Release|Any CPU
		{25E47B25-408C-4C3F-AA96-1BECE3BAB66F}.Debug|Any CPU.ActiveCfg = Debug|Any CPU
		{25E47B25-408C-4C3F-AA96-1BECE3BAB66F}.Debug|Any CPU.Build.0 = Debug|Any CPU
		{25E47B25-408C-4C3F-AA96-1BECE3BAB66F}.Release|Any CPU.ActiveCfg = Release|Any CPU
		{25E47B25-408C-4C3F-AA96-1BECE3BAB66F}.Release|Any CPU.Build.0 = Release|Any CPU
		{A0A3003E-700F-4E77-B26A-F67D0D19E53B}.Debug|Any CPU.ActiveCfg = Debug|Any CPU
		{A0A3003E-700F-4E77-B26A-F67D0D19E53B}.Debug|Any CPU.Build.0 = Debug|Any CPU
		{A0A3003E-700F-4E77-B26A-F67D0D19E53B}.Release|Any CPU.ActiveCfg = Release|Any CPU
		{A0A3003E-700F-4E77-B26A-F67D0D19E53B}.Release|Any CPU.Build.0 = Release|Any CPU
	EndGlobalSection
	GlobalSection(SolutionProperties) = preSolution
		HideSolutionNode = FALSE
	EndGlobalSection
	GlobalSection(NestedProjects) = preSolution
		{53121842-B18D-467C-AC07-8294FD8705A8} = {02EA681E-C7D8-13C7-8484-4AC65E1B71E8}
		{82DBCD6C-D608-4D9D-8308-0CE0672A2883} = {02EA681E-C7D8-13C7-8484-4AC65E1B71E8}
		{2BA654E8-56D9-440A-B07F-C1AD611A8AEB} = {02EA681E-C7D8-13C7-8484-4AC65E1B71E8}
		{25E47B25-408C-4C3F-AA96-1BECE3BAB66F} = {D459C773-411F-4787-B58F-0547C2D2EB5A}
		{A0A3003E-700F-4E77-B26A-F67D0D19E53B} = {02EA681E-C7D8-13C7-8484-4AC65E1B71E8}
	EndGlobalSection
	GlobalSection(ExtensibilityGlobals) = postSolution
		SolutionGuid = {17083DD1-C291-4153-A0C6-1F08437B6BEC}
	EndGlobalSection
EndGlobal
