
Microsoft Visual Studio Solution File, Format Version 12.00
# Visual Studio Version 18
VisualStudioVersion = 18.0.11205.157
MinimumVisualStudioVersion = 10.0.40219.1
Project("{2150E333-8FDC-42A3-9474-1A3956D46DE8}") = "src", "src", "{02EA681E-C7D8-13C7-8484-4AC65E1B71E8}"
EndProject
Project("{2150E333-8FDC-42A3-9474-1A3956D46DE8}") = "tests", "tests", "{D459C773-411F-4787-B58F-0547C2D2EB5A}"
EndProject
Project("{FAE04EC0-301F-11D3-BF4B-00C04F79EFBC}") = "CatalogService.Infrastructure", "CatalogService.Infrastructure\CatalogService.Infrastructure.csproj", "{53121842-B18D-467C-AC07-8294FD8705A8}"
EndProject
Project("{FAE04EC0-301F-11D3-BF4B-00C04F79EFBC}") = "CatalogService.API", "CatalogService.API\CatalogService.API.csproj", "{82DBCD6C-D608-4D9D-8308-0CE0672A2883}"
EndProject
Project("{FAE04EC0-301F-11D3-BF4B-00C04F79EFBC}") = "CatalogService.Application", "CatalogService.Application\CatalogService.Application.csproj", "{2BA654E8-56D9-440A-B07F-C1AD611A8AEB}"
EndProject
Project("{FAE04EC0-301F-11D3-BF4B-00C04F79EFBC}") = "CatalogService.Domain", "CatalogService.Domain\CatalogService.Domain.csproj", "{A0A3003E-700F-4E77-B26A-F67D0D19E53B}"
EndProject
Project("{FAE04EC0-301F-11D3-BF4B-00C04F79EFBC}") = "Domain.UnitTests", "Domain.UnitTests\Domain.UnitTests.csproj", "{F3BB05DE-CF01-4594-9BA6-C3BB2BE56CCB}"
EndProject
Project("{FAE04EC0-301F-11D3-BF4B-00C04F79EFBC}") = "ArchitectureTests", "ArchitectureTests\ArchitectureTests.csproj", "{33DC37D4-D7A6-474A-8C03-D2C501A59782}"
EndProject
Project("{FAE04EC0-301F-11D3-BF4B-00C04F79EFBC}") = "SharedKernel", "SharedKernel\SharedKernel.csproj", "{CC1DF258-D581-48FA-9CE8-936D857ECD81}"
EndProject
Project("{FAE04EC0-301F-11D3-BF4B-00C04F79EFBC}") = "Application.UnitTests", "Application.UnitTests\Application.UnitTests.csproj", "{B0156A87-4E7D-4EE1-B542-512955D0042D}"
EndProject
Project("{FAE04EC0-301F-11D3-BF4B-00C04F79EFBC}") = "CatalogService.IntegrationTests", "CatalogService.IntegrationTests\CatalogService.IntegrationTests.csproj", "{DED15632-D029-4C0E-B1BC-A42B0B811B96}"
EndProject
Project("{FAE04EC0-301F-11D3-BF4B-00C04F79EFBC}") = "Infrastructure.UnitTests", "Infrastructure.UnitTests\Infrastructure.UnitTests.csproj", "{821D4872-EC7C-4919-87F4-19A5DCB0C04E}"
EndProject
Project("{E53339B2-1760-4266-BCC7-CA923CBCF16C}") = "docker-compose", "docker-compose.dcproj", "{81DDED9D-158B-E303-5F62-77A2896D2A5A}"
EndProject
Global
	GlobalSection(SolutionConfigurationPlatforms) = preSolution
		Debug|Any CPU = Debug|Any CPU
		Release|Any CPU = Release|Any CPU
	EndGlobalSection
	GlobalSection(ProjectConfigurationPlatforms) = postSolution
		{53121842-B18D-467C-AC07-8294FD8705A8}.Debug|Any CPU.ActiveCfg = Debug|Any CPU
		{53121842-B18D-467C-AC07-8294FD8705A8}.Debug|Any CPU.Build.0 = Debug|Any CPU
		{53121842-B18D-467C-AC07-8294FD8705A8}.Release|Any CPU.ActiveCfg = Release|Any CPU
		{53121842-B18D-467C-AC07-8294FD8705A8}.Release|Any CPU.Build.0 = Release|Any CPU
		{82DBCD6C-D608-4D9D-8308-0CE0672A2883}.Debug|Any CPU.ActiveCfg = Debug|Any CPU
		{82DBCD6C-D608-4D9D-8308-0CE0672A2883}.Debug|Any CPU.Build.0 = Debug|Any CPU
		{82DBCD6C-D608-4D9D-8308-0CE0672A2883}.Release|Any CPU.ActiveCfg = Release|Any CPU
		{82DBCD6C-D608-4D9D-8308-0CE0672A2883}.Release|Any CPU.Build.0 = Release|Any CPU
		{2BA654E8-56D9-440A-B07F-C1AD611A8AEB}.Debug|Any CPU.ActiveCfg = Debug|Any CPU
		{2BA654E8-56D9-440A-B07F-C1AD611A8AEB}.Debug|Any CPU.Build.0 = Debug|Any CPU
		{2BA654E8-56D9-440A-B07F-C1AD611A8AEB}.Release|Any CPU.ActiveCfg = Release|Any CPU
		{2BA654E8-56D9-440A-B07F-C1AD611A8AEB}.Release|Any CPU.Build.0 = Release|Any CPU
		{A0A3003E-700F-4E77-B26A-F67D0D19E53B}.Debug|Any CPU.ActiveCfg = Debug|Any CPU
		{A0A3003E-700F-4E77-B26A-F67D0D19E53B}.Debug|Any CPU.Build.0 = Debug|Any CPU
		{A0A3003E-700F-4E77-B26A-F67D0D19E53B}.Release|Any CPU.ActiveCfg = Release|Any CPU
		{A0A3003E-700F-4E77-B26A-F67D0D19E53B}.Release|Any CPU.Build.0 = Release|Any CPU
		{F3BB05DE-CF01-4594-9BA6-C3BB2BE56CCB}.Debug|Any CPU.ActiveCfg = Debug|Any CPU
		{F3BB05DE-CF01-4594-9BA6-C3BB2BE56CCB}.Debug|Any CPU.Build.0 = Debug|Any CPU
		{F3BB05DE-CF01-4594-9BA6-C3BB2BE56CCB}.Release|Any CPU.ActiveCfg = Release|Any CPU
		{F3BB05DE-CF01-4594-9BA6-C3BB2BE56CCB}.Release|Any CPU.Build.0 = Release|Any CPU
		{33DC37D4-D7A6-474A-8C03-D2C501A59782}.Debug|Any CPU.ActiveCfg = Debug|Any CPU
		{33DC37D4-D7A6-474A-8C03-D2C501A59782}.Debug|Any CPU.Build.0 = Debug|Any CPU
		{33DC37D4-D7A6-474A-8C03-D2C501A59782}.Release|Any CPU.ActiveCfg = Release|Any CPU
		{33DC37D4-D7A6-474A-8C03-D2C501A59782}.Release|Any CPU.Build.0 = Release|Any CPU
		{CC1DF258-D581-48FA-9CE8-936D857ECD81}.Debug|Any CPU.ActiveCfg = Debug|Any CPU
		{CC1DF258-D581-48FA-9CE8-936D857ECD81}.Debug|Any CPU.Build.0 = Debug|Any CPU
		{CC1DF258-D581-48FA-9CE8-936D857ECD81}.Release|Any CPU.ActiveCfg = Release|Any CPU
		{CC1DF258-D581-48FA-9CE8-936D857ECD81}.Release|Any CPU.Build.0 = Release|Any CPU
		{B0156A87-4E7D-4EE1-B542-512955D0042D}.Debug|Any CPU.ActiveCfg = Debug|Any CPU
		{B0156A87-4E7D-4EE1-B542-512955D0042D}.Debug|Any CPU.Build.0 = Debug|Any CPU
		{B0156A87-4E7D-4EE1-B542-512955D0042D}.Release|Any CPU.ActiveCfg = Release|Any CPU
		{B0156A87-4E7D-4EE1-B542-512955D0042D}.Release|Any CPU.Build.0 = Release|Any CPU
		{DED15632-D029-4C0E-B1BC-A42B0B811B96}.Debug|Any CPU.ActiveCfg = Debug|Any CPU
		{DED15632-D029-4C0E-B1BC-A42B0B811B96}.Debug|Any CPU.Build.0 = Debug|Any CPU
		{DED15632-D029-4C0E-B1BC-A42B0B811B96}.Release|Any CPU.ActiveCfg = Release|Any CPU
		{DED15632-D029-4C0E-B1BC-A42B0B811B96}.Release|Any CPU.Build.0 = Release|Any CPU
		{821D4872-EC7C-4919-87F4-19A5DCB0C04E}.Debug|Any CPU.ActiveCfg = Debug|Any CPU
		{821D4872-EC7C-4919-87F4-19A5DCB0C04E}.Debug|Any CPU.Build.0 = Debug|Any CPU
		{821D4872-EC7C-4919-87F4-19A5DCB0C04E}.Release|Any CPU.ActiveCfg = Release|Any CPU
		{821D4872-EC7C-4919-87F4-19A5DCB0C04E}.Release|Any CPU.Build.0 = Release|Any CPU
		{81DDED9D-158B-E303-5F62-77A2896D2A5A}.Debug|Any CPU.ActiveCfg = Debug|Any CPU
		{81DDED9D-158B-E303-5F62-77A2896D2A5A}.Debug|Any CPU.Build.0 = Debug|Any CPU
		{81DDED9D-158B-E303-5F62-77A2896D2A5A}.Release|Any CPU.ActiveCfg = Release|Any CPU
		{81DDED9D-158B-E303-5F62-77A2896D2A5A}.Release|Any CPU.Build.0 = Release|Any CPU
	EndGlobalSection
	GlobalSection(SolutionProperties) = preSolution
		HideSolutionNode = FALSE
	EndGlobalSection
	GlobalSection(NestedProjects) = preSolution
		{53121842-B18D-467C-AC07-8294FD8705A8} = {02EA681E-C7D8-13C7-8484-4AC65E1B71E8}
		{82DBCD6C-D608-4D9D-8308-0CE0672A2883} = {02EA681E-C7D8-13C7-8484-4AC65E1B71E8}
		{2BA654E8-56D9-440A-B07F-C1AD611A8AEB} = {02EA681E-C7D8-13C7-8484-4AC65E1B71E8}
		{A0A3003E-700F-4E77-B26A-F67D0D19E53B} = {02EA681E-C7D8-13C7-8484-4AC65E1B71E8}
		{F3BB05DE-CF01-4594-9BA6-C3BB2BE56CCB} = {D459C773-411F-4787-B58F-0547C2D2EB5A}
		{33DC37D4-D7A6-474A-8C03-D2C501A59782} = {D459C773-411F-4787-B58F-0547C2D2EB5A}
		{CC1DF258-D581-48FA-9CE8-936D857ECD81} = {02EA681E-C7D8-13C7-8484-4AC65E1B71E8}
		{B0156A87-4E7D-4EE1-B542-512955D0042D} = {D459C773-411F-4787-B58F-0547C2D2EB5A}
		{DED15632-D029-4C0E-B1BC-A42B0B811B96} = {D459C773-411F-4787-B58F-0547C2D2EB5A}
		{821D4872-EC7C-4919-87F4-19A5DCB0C04E} = {D459C773-411F-4787-B58F-0547C2D2EB5A}
	EndGlobalSection
	GlobalSection(ExtensibilityGlobals) = postSolution
		SolutionGuid = {17083DD1-C291-4153-A0C6-1F08437B6BEC}
	EndGlobalSection
EndGlobal
