
Microsoft Visual Studio Solution File, Format Version 12.00
# Visual Studio Version 17
VisualStudioVersion = 17.12.35707.178
MinimumVisualStudioVersion = 10.0.40219.1
Project("{2150E333-8FDC-42A3-9474-1A3956D46DE8}") = "src", "src", "{B2CCEF22-7CCE-43A3-B7D3-8C9E27083100}"
EndProject
Project("{2150E333-8FDC-42A3-9474-1A3956D46DE8}") = "tests", "tests", "{16A586A7-C912-49A0-ACC2-6E9C1B7513FB}"
EndProject
Project("{FAE04EC0-301F-11D3-BF4B-00C04F79EFBC}") = "Domain", "Domain\Domain.csproj", "{59BA63CD-B42B-4F23-B900-95C1860C20BE}"
EndProject
Project("{FAE04EC0-301F-11D3-BF4B-00C04F79EFBC}") = "Application", "Application\Application.csproj", "{9E45BA79-F6D7-4E86-A7B7-CADAE56D287D}"
EndProject
Project("{FAE04EC0-301F-11D3-BF4B-00C04F79EFBC}") = "Infrastructure", "Infrastructure\Infrastructure.csproj", "{A33121A6-7A89-4F06-BF54-97D3B77B169A}"
EndProject
Project("{FAE04EC0-301F-11D3-BF4B-00C04F79EFBC}") = "API", "API\API.csproj", "{3998A407-6937-4C1A-88FE-97B6294A4F76}"
EndProject
Global
	GlobalSection(SolutionConfigurationPlatforms) = preSolution
		Debug|Any CPU = Debug|Any CPU
		Release|Any CPU = Release|Any CPU
	EndGlobalSection
	GlobalSection(ProjectConfigurationPlatforms) = postSolution
		{59BA63CD-B42B-4F23-B900-95C1860C20BE}.Debug|Any CPU.ActiveCfg = Debug|Any CPU
		{59BA63CD-B42B-4F23-B900-95C1860C20BE}.Debug|Any CPU.Build.0 = Debug|Any CPU
		{59BA63CD-B42B-4F23-B900-95C1860C20BE}.Release|Any CPU.ActiveCfg = Release|Any CPU
		{59BA63CD-B42B-4F23-B900-95C1860C20BE}.Release|Any CPU.Build.0 = Release|Any CPU
		{9E45BA79-F6D7-4E86-A7B7-CADAE56D287D}.Debug|Any CPU.ActiveCfg = Debug|Any CPU
		{9E45BA79-F6D7-4E86-A7B7-CADAE56D287D}.Debug|Any CPU.Build.0 = Debug|Any CPU
		{9E45BA79-F6D7-4E86-A7B7-CADAE56D287D}.Release|Any CPU.ActiveCfg = Release|Any CPU
		{9E45BA79-F6D7-4E86-A7B7-CADAE56D287D}.Release|Any CPU.Build.0 = Release|Any CPU
		{A33121A6-7A89-4F06-BF54-97D3B77B169A}.Debug|Any CPU.ActiveCfg = Debug|Any CPU
		{A33121A6-7A89-4F06-BF54-97D3B77B169A}.Debug|Any CPU.Build.0 = Debug|Any CPU
		{A33121A6-7A89-4F06-BF54-97D3B77B169A}.Release|Any CPU.ActiveCfg = Release|Any CPU
		{A33121A6-7A89-4F06-BF54-97D3B77B169A}.Release|Any CPU.Build.0 = Release|Any CPU
		{3998A407-6937-4C1A-88FE-97B6294A4F76}.Debug|Any CPU.ActiveCfg = Debug|Any CPU
		{3998A407-6937-4C1A-88FE-97B6294A4F76}.Debug|Any CPU.Build.0 = Debug|Any CPU
		{3998A407-6937-4C1A-88FE-97B6294A4F76}.Release|Any CPU.ActiveCfg = Release|Any CPU
		{3998A407-6937-4C1A-88FE-97B6294A4F76}.Release|Any CPU.Build.0 = Release|Any CPU
	EndGlobalSection
	GlobalSection(SolutionProperties) = preSolution
		HideSolutionNode = FALSE
	EndGlobalSection
	GlobalSection(NestedProjects) = preSolution
		{59BA63CD-B42B-4F23-B900-95C1860C20BE} = {B2CCEF22-7CCE-43A3-B7D3-8C9E27083100}
		{9E45BA79-F6D7-4E86-A7B7-CADAE56D287D} = {B2CCEF22-7CCE-43A3-B7D3-8C9E27083100}
		{A33121A6-7A89-4F06-BF54-97D3B77B169A} = {B2CCEF22-7CCE-43A3-B7D3-8C9E27083100}
		{3998A407-6937-4C1A-88FE-97B6294A4F76} = {B2CCEF22-7CCE-43A3-B7D3-8C9E27083100}
	EndGlobalSection
EndGlobal
